
Microsoft Visual Studio Solution File, Format Version 12.00
# Visual Studio Version 16
VisualStudioVersion = 16.0.32802.440
MinimumVisualStudioVersion = 10.0.40219.1
Project("{FAE04EC0-301F-11D3-BF4B-00C04F79EFBC}") = "Web_Guide", "Web_Guide\Web_Guide.csproj", "{9AFA1E7E-76EE-46D7-8809-C1BE48E9632A}"
EndProject
Global
	GlobalSection(SolutionConfigurationPlatforms) = preSolution
		Debug|Any CPU = Debug|Any CPU
		Release|Any CPU = Release|Any CPU
	EndGlobalSection
	GlobalSection(ProjectConfigurationPlatforms) = postSolution
		{9AFA1E7E-76EE-46D7-8809-C1BE48E9632A}.Debug|Any CPU.ActiveCfg = Debug|Any CPU
		{9AFA1E7E-76EE-46D7-8809-C1BE48E9632A}.Debug|Any CPU.Build.0 = Debug|Any CPU
		{9AFA1E7E-76EE-46D7-8809-C1BE48E9632A}.Release|Any CPU.ActiveCfg = Release|Any CPU
		{9AFA1E7E-76EE-46D7-8809-C1BE48E9632A}.Release|Any CPU.Build.0 = Release|Any CPU
	EndGlobalSection
	GlobalSection(SolutionProperties) = preSolution
		HideSolutionNode = FALSE
	EndGlobalSection
	GlobalSection(ExtensibilityGlobals) = postSolution
		SolutionGuid = {6FE9C940-FC10-408A-8641-58BB8EEDABCD}
	EndGlobalSection
EndGlobal
